PODS:
  - AWSCognito (2.9.10):
    - AWSCore (= 2.9.10)
  - AWSCognitoIdentityProvider (2.9.10):
    - AWSCognitoIdentityProviderASF (= 1.0.1)
    - AWSCore (= 2.9.10)
  - AWSCognitoIdentityProviderASF (1.0.1)
  - AWSCore (2.9.10)
  - AWSS3 (2.9.10):
    - AWSCore (= 2.9.10)

DEPENDENCIES:
  - AWSCognito
  - AWSCognitoIdentityProvider
  - AWSS3

SPEC REPOS:
  https://github.com/cocoapods/specs.git:
    - AWSCognito
    - AWSCognitoIdentityProvider
    - AWSCognitoIdentityProviderASF
    - AWSCore
    - AWSS3

SPEC CHECKSUMS:
  AWSCognito: 1dd5b0e1d9e0706f9757ccce7c6fad9dc1d25ddb
  AWSCognitoIdentityProvider: 5e72467f174a970e9d357fc06666e3f32e6eda70
  AWSCognitoIdentityProviderASF: f94f1a502e72ef3d0a1de93e10bf7a79c8698118
  AWSCore: 22b6bbc6761ca9981d878155d11bc02edd681a64
  AWSS3: fe0221519fe4d05adf4c3fdf0cb4477f5e433ee6

PODFILE CHECKSUM: 8d5a445bdeea7dce23d05fc7410c825d43c1fbe0

COCOAPODS: 1.5.3
